{
  "object": {
    "pins": [
      {
        "package": "Kingfisher",
        "repositoryURL": "https://gitee.com/MakHoCheung/Kingfisher.git",
        "state": {
          "branch": "master",
          "revision": "a2c961496934a4d03975139cb21fe05d4aa6ef18",
          "version": null
        }
      }
    ]
  },
  "version": 1
}
