// !$*UTF8*$!
{
	archiveVersion = 1;
	classes = {
	};
	objectVersion = 55;
	objects = {

/* Begin PBXBuildFile section */
		7005F54B28DFFE0E003184A6 /* Kingfisher in Frameworks */ = {isa = PBXBuildFile; productRef = 7005F54A28DFFE0E003184A6 /* Kingfisher */; };
		7005F54E28DFFE22003184A6 /* Kingfisher in Frameworks */ = {isa = PBXBuildFile; productRef = 7005F54D28DFFE22003184A6 /* Kingfisher */; };
		70196BB328CA2A7C0085FBEA /* NavigationSelectionState.swift in Sources */ = {isa = PBXBuildFile; fileRef = 70196BB228CA2A7C0085FBEA /* NavigationSelectionState.swift */; };
		70234E4528CA1DAB00271982 /* ContentView.swift in Sources */ = {isa = PBXBuildFile; fileRef = 70234E4428CA1DAB00271982 /* ContentView.swift */; };
		703A463D28C0549C00A87598 /* Localizable.strings in Resources */ = {isa = PBXBuildFile; fileRef = 703A464028C0549C00A87598 /* Localizable.strings */; };
		703A463E28C0549C00A87598 /* Localizable.strings in Resources */ = {isa = PBXBuildFile; fileRef = 703A464028C0549C00A87598 /* Localizable.strings */; };
		70616D2C2764D7DA0007AD6E /* ProfileView.swift in Sources */ = {isa = PBXBuildFile; fileRef = 70616D2B2764D7DA0007AD6E /* ProfileView.swift */; };
		706ED76728DEA29C00D8CB2E /* Assets.xcassets in Resources */ = {isa = PBXBuildFile; fileRef = 70BC2D61274CB665008E2AF1 /* Assets.xcassets */; };
		7071FDB227E6B04D0064A48F /* AppState.swift in Sources */ = {isa = PBXBuildFile; fileRef = 7071FDB127E6B04D0064A48F /* AppState.swift */; };
		7071FDB327E6B04D0064A48F /* AppState.swift in Sources */ = {isa = PBXBuildFile; fileRef = 7071FDB127E6B04D0064A48F /* AppState.swift */; };
		707A077B2764A7EA0047EC33 /* WebView.swift in Sources */ = {isa = PBXBuildFile; fileRef = 707A077A2764A7EA0047EC33 /* WebView.swift */; };
		7086C91A28CB7B1C006EE04C /* SimpleTopicNavigationLinkView.swift in Sources */ = {isa = PBXBuildFile; fileRef = 7086C91928CB7B1C006EE04C /* SimpleTopicNavigationLinkView.swift */; };
		70AAB00027633429000D3A98 /* ReplyView.swift in Sources */ = {isa = PBXBuildFile; fileRef = 70AAAFFF27633429000D3A98 /* ReplyView.swift */; };
		70B1DEF627D246AF00DA4DF0 /* UserState.swift in Sources */ = {isa = PBXBuildFile; fileRef = 70B1DEF527D246AF00DA4DF0 /* UserState.swift */; };
		70B1DEF727D246AF00DA4DF0 /* UserState.swift in Sources */ = {isa = PBXBuildFile; fileRef = 70B1DEF527D246AF00DA4DF0 /* UserState.swift */; };
		70B5CCAA28BDFF3D003F9CF1 /* GlanceType.swift in Sources */ = {isa = PBXBuildFile; fileRef = 70B5CCA928BDFF3D003F9CF1 /* GlanceType.swift */; };
		70B5CCAB28BDFF3D003F9CF1 /* GlanceType.swift in Sources */ = {isa = PBXBuildFile; fileRef = 70B5CCA928BDFF3D003F9CF1 /* GlanceType.swift */; };
		70B8C58F28C9DDB900F80A44 /* SidebarView.swift in Sources */ = {isa = PBXBuildFile; fileRef = 70B8C58E28C9DDB900F80A44 /* SidebarView.swift */; };
		70BC2D6F274CB665008E2AF1 /* V2EXApp.swift in Sources */ = {isa = PBXBuildFile; fileRef = 70BC2D5F274CB664008E2AF1 /* V2EXApp.swift */; };
		70BC2D70274CB665008E2AF1 /* V2EXApp.swift in Sources */ = {isa = PBXBuildFile; fileRef = 70BC2D5F274CB664008E2AF1 /* V2EXApp.swift */; };
		70BC2D71274CB665008E2AF1 /* MainView.swift in Sources */ = {isa = PBXBuildFile; fileRef = 70BC2D60274CB664008E2AF1 /* MainView.swift */; };
		70BC2D7E274CBC2A008E2AF1 /* SimpleTopicView.swift in Sources */ = {isa = PBXBuildFile; fileRef = 70BC2D7D274CBC2A008E2AF1 /* SimpleTopicView.swift */; };
		70C2558A28D442C200791602 /* TopicView.swift in Sources */ = {isa = PBXBuildFile; fileRef = 70C2558928D442C200791602 /* TopicView.swift */; };
		70C2558F28D447E800791602 /* SimpleTopicNavigationLinkView.swift in Sources */ = {isa = PBXBuildFile; fileRef = 7086C91928CB7B1C006EE04C /* SimpleTopicNavigationLinkView.swift */; };
		70C2559028D44E8C00791602 /* ExploreView.swift in Sources */ = {isa = PBXBuildFile; fileRef = 70BC2D80274CBFC5008E2AF1 /* ExploreView.swift */; };
		70C2559128D4511F00791602 /* NodeView.swift in Sources */ = {isa = PBXBuildFile; fileRef = 708771E027A52B8400068A66 /* NodeView.swift */; };
		70C2559228D453FF00791602 /* GlanceTopicsView.swift in Sources */ = {isa = PBXBuildFile; fileRef = 707A07892764B0DA0047EC33 /* GlanceTopicsView.swift */; };
		70C669B027607F3300D3AF2B /* GlanceView.swift in Sources */ = {isa = PBXBuildFile; fileRef = 70C669AF27607F3300D3AF2B /* GlanceView.swift */; };
		70C669B42760980800D3AF2B /* TopicView.swift in Sources */ = {isa = PBXBuildFile; fileRef = 70C669B32760980800D3AF2B /* TopicView.swift */; };
		70CB7A0727E7121A009783FF /* Data in Resources */ = {isa = PBXBuildFile; fileRef = 70CB7A0627E7121A009783FF /* Data */; };
		70CB7A0827E7121A009783FF /* Data in Resources */ = {isa = PBXBuildFile; fileRef = 70CB7A0627E7121A009783FF /* Data */; };
		70CB7A0A27E71500009783FF /* NodeView.swift in Sources */ = {isa = PBXBuildFile; fileRef = 708771E027A52B8400068A66 /* NodeView.swift */; };
		70CB7A0F27E71535009783FF /* ExploreView.swift in Sources */ = {isa = PBXBuildFile; fileRef = 70BC2D80274CBFC5008E2AF1 /* ExploreView.swift */; };
		70CB7A1027E71535009783FF /* WebView.swift in Sources */ = {isa = PBXBuildFile; fileRef = 707A077A2764A7EA0047EC33 /* WebView.swift */; };
		70CB7A1127E71535009783FF /* ReplyView.swift in Sources */ = {isa = PBXBuildFile; fileRef = 70AAAFFF27633429000D3A98 /* ReplyView.swift */; };
		70CB7A1227E71535009783FF /* GlanceTopicsView.swift in Sources */ = {isa = PBXBuildFile; fileRef = 707A07892764B0DA0047EC33 /* GlanceTopicsView.swift */; };
		70CB7A1627E71535009783FF /* ProfileView.swift in Sources */ = {isa = PBXBuildFile; fileRef = 70616D2B2764D7DA0007AD6E /* ProfileView.swift */; };
		70CB7A1727E71535009783FF /* SimpleTopicView.swift in Sources */ = {isa = PBXBuildFile; fileRef = 70BC2D7D274CBC2A008E2AF1 /* SimpleTopicView.swift */; };
		70D4C0D227FDAF080055E95C /* V2EXClient in Frameworks */ = {isa = PBXBuildFile; productRef = 70D4C0D127FDAF080055E95C /* V2EXClient */; };
		70D4C0D427FDAF0F0055E95C /* V2EXClient in Frameworks */ = {isa = PBXBuildFile; productRef = 70D4C0D327FDAF0F0055E95C /* V2EXClient */; };
		70DA186328C1E50000F24275 /* MainView.swift in Sources */ = {isa = PBXBuildFile; fileRef = 70DA186228C1E50000F24275 /* MainView.swift */; };
		70DA186428C1E5CB00F24275 /* Standard.swift in Sources */ = {isa = PBXBuildFile; fileRef = DBE64CC7B28244B5FB37BA1E /* Standard.swift */; };
		DBE640CD0CA9B0BCACDA65B5 /* Standard.swift in Sources */ = {isa = PBXBuildFile; fileRef = DBE64CC7B28244B5FB37BA1E /* Standard.swift */; };
		DBE6435D825309705AFE1537 /* AppAction.swift in Sources */ = {isa = PBXBuildFile; fileRef = DBE647E966938E07D1A06939 /* AppAction.swift */; };
		DBE6492363F0AC4D310D1CEA /* ExploreTopicType.swift in Sources */ = {isa = PBXBuildFile; fileRef = DBE6467C5A95A3F925DC1C7E /* ExploreTopicType.swift */; };
		DBE649818E009B258812B8EC /* AppAction.swift in Sources */ = {isa = PBXBuildFile; fileRef = DBE647E966938E07D1A06939 /* AppAction.swift */; };
		DBE6498A397356FCB62B8DB4 /* ExploreTopicType.swift in Sources */ = {isa = PBXBuildFile; fileRef = DBE6467C5A95A3F925DC1C7E /* ExploreTopicType.swift */; };
		DBE64CE3D9E60249D9E3A234 /* AppContext.swift in Sources */ = {isa = PBXBuildFile; fileRef = DBE6426B77A9BD71D198622C /* AppContext.swift */; };
		DBE64D8222F9CD2EE4307965 /* AppContext.swift in Sources */ = {isa = PBXBuildFile; fileRef = DBE6426B77A9BD71D198622C /* AppContext.swift */; };
/* End PBXBuildFile section */

/* Begin PBXFileReference section */
		70196BB228CA2A7C0085FBEA /* NavigationSelectionState.swift */ = {isa = PBXFileReference; lastKnownFileType = sourcecode.swift; path = NavigationSelectionState.swift; sourceTree = "<group>"; };
		70234E4428CA1DAB00271982 /* ContentView.swift */ = {isa = PBXFileReference; lastKnownFileType = sourcecode.swift; path = ContentView.swift; sourceTree = "<group>"; };
		703A463F28C0549C00A87598 /* en */ = {isa = PBXFileReference; lastKnownFileType = text.plist.strings; name = en; path = en.lproj/Localizable.strings; sourceTree = "<group>"; };
		703A464128C054A200A87598 /* zh-Hans */ = {isa = PBXFileReference; lastKnownFileType = text.plist.strings; name = "zh-Hans"; path = "zh-Hans.lproj/Localizable.strings"; sourceTree = "<group>"; };
		703E221527EEFE48007B0865 /* 2.png */ = {isa = PBXFileReference; lastKnownFileType = image.png; path = 2.png; sourceTree = "<group>"; };
		703E221627EEFE5C007B0865 /* LICENSE */ = {isa = PBXFileReference; lastKnownFileType = text; path = LICENSE; sourceTree = "<group>"; };
		703E221727EEFE5C007B0865 /* README.md */ = {isa = PBXFileReference; lastKnownFileType = net.daringfireball.markdown; path = README.md; sourceTree = "<group>"; };
		70616D2B2764D7DA0007AD6E /* ProfileView.swift */ = {isa = PBXFileReference; lastKnownFileType = sourcecode.swift; path = ProfileView.swift; sourceTree = "<group>"; };
		70717B2027E5F0A8005C315A /* 1.png */ = {isa = PBXFileReference; lastKnownFileType = image.png; path = 1.png; sourceTree = "<group>"; };
		7071FDB127E6B04D0064A48F /* AppState.swift */ = {isa = PBXFileReference; lastKnownFileType = sourcecode.swift; path = AppState.swift; sourceTree = "<group>"; };
		707A077A2764A7EA0047EC33 /* WebView.swift */ = {isa = PBXFileReference; lastKnownFileType = sourcecode.swift; path = WebView.swift; sourceTree = "<group>"; };
		707A07892764B0DA0047EC33 /* GlanceTopicsView.swift */ = {isa = PBXFileReference; lastKnownFileType = sourcecode.swift; path = GlanceTopicsView.swift; sourceTree = "<group>"; };
		7086C91928CB7B1C006EE04C /* SimpleTopicNavigationLinkView.swift */ = {isa = PBXFileReference; lastKnownFileType = sourcecode.swift; path = SimpleTopicNavigationLinkView.swift; sourceTree = "<group>"; };
		708771E027A52B8400068A66 /* NodeView.swift */ = {isa = PBXFileReference; fileEncoding = 4; lastKnownFileType = sourcecode.swift; path = NodeView.swift; sourceTree = "<group>"; };
		70946E0F279CEC7500BEFC94 /* .gitignore */ = {isa = PBXFileReference; lastKnownFileType = text; path = .gitignore; sourceTree = "<group>"; };
		70AAAFFF27633429000D3A98 /* ReplyView.swift */ = {isa = PBXFileReference; lastKnownFileType = sourcecode.swift; path = ReplyView.swift; sourceTree = "<group>"; };
		70B1DEF527D246AF00DA4DF0 /* UserState.swift */ = {isa = PBXFileReference; fileEncoding = 4; lastKnownFileType = sourcecode.swift; path = UserState.swift; sourceTree = "<group>"; };
		70B5CCA928BDFF3D003F9CF1 /* GlanceType.swift */ = {isa = PBXFileReference; lastKnownFileType = sourcecode.swift; path = GlanceType.swift; sourceTree = "<group>"; };
		70B8C58E28C9DDB900F80A44 /* SidebarView.swift */ = {isa = PBXFileReference; lastKnownFileType = sourcecode.swift; path = SidebarView.swift; sourceTree = "<group>"; };
		70BB616728D4C92200B7C9C7 /* 3.png */ = {isa = PBXFileReference; lastKnownFileType = image.png; path = 3.png; sourceTree = "<group>"; };
		70BB616828D4C92800B7C9C7 /* 4.png */ = {isa = PBXFileReference; lastKnownFileType = image.png; path = 4.png; sourceTree = "<group>"; };
		70BC2D5F274CB664008E2AF1 /* V2EXApp.swift */ = {isa = PBXFileReference; lastKnownFileType = sourcecode.swift; path = V2EXApp.swift; sourceTree = "<group>"; };
		70BC2D60274CB664008E2AF1 /* MainView.swift */ = {isa = PBXFileReference; lastKnownFileType = sourcecode.swift; path = MainView.swift; sourceTree = "<group>"; };
		70BC2D61274CB665008E2AF1 /* Assets.xcassets */ = {isa = PBXFileReference; lastKnownFileType = folder.assetcatalog; path = Assets.xcassets; sourceTree = "<group>"; };
		70BC2D66274CB665008E2AF1 /* V2 Explore.app */ = {isa = PBXFileReference; explicitFileType = wrapper.application; includeInIndex = 0; path = "V2 Explore.app"; sourceTree = BUILT_PRODUCTS_DIR; };
		70BC2D6C274CB665008E2AF1 /* V2 Explore.app */ = {isa = PBXFileReference; explicitFileType = wrapper.application; includeInIndex = 0; path = "V2 Explore.app"; sourceTree = BUILT_PRODUCTS_DIR; };
		70BC2D6E274CB665008E2AF1 /* macOS.entitlements */ = {isa = PBXFileReference; lastKnownFileType = text.plist.entitlements; path = macOS.entitlements; sourceTree = "<group>"; };
		70BC2D7D274CBC2A008E2AF1 /* SimpleTopicView.swift */ = {isa = PBXFileReference; lastKnownFileType = sourcecode.swift; path = SimpleTopicView.swift; sourceTree = "<group>"; };
		70BC2D80274CBFC5008E2AF1 /* ExploreView.swift */ = {isa = PBXFileReference; lastKnownFileType = sourcecode.swift; path = ExploreView.swift; sourceTree = "<group>"; };
		70C2558928D442C200791602 /* TopicView.swift */ = {isa = PBXFileReference; lastKnownFileType = sourcecode.swift; path = TopicView.swift; sourceTree = "<group>"; };
		70C669AF27607F3300D3AF2B /* GlanceView.swift */ = {isa = PBXFileReference; lastKnownFileType = sourcecode.swift; path = GlanceView.swift; sourceTree = "<group>"; };
		70C669B32760980800D3AF2B /* TopicView.swift */ = {isa = PBXFileReference; lastKnownFileType = sourcecode.swift; path = TopicView.swift; sourceTree = "<group>"; };
		70CB7A0627E7121A009783FF /* Data */ = {isa = PBXFileReference; lastKnownFileType = folder; path = Data; sourceTree = "<group>"; };
		70D4C0D027FDAEDA0055E95C /* V2EXClient */ = {isa = PBXFileReference; lastKnownFileType = wrapper; path = V2EXClient; sourceTree = "<group>"; };
		70DA186228C1E50000F24275 /* MainView.swift */ = {isa = PBXFileReference; lastKnownFileType = sourcecode.swift; path = MainView.swift; sourceTree = "<group>"; };
		DBE6426B77A9BD71D198622C /* AppContext.swift */ = {isa = PBXFileReference; fileEncoding = 4; lastKnownFileType = sourcecode.swift; path = AppContext.swift; sourceTree = "<group>"; };
		DBE6467C5A95A3F925DC1C7E /* ExploreTopicType.swift */ = {isa = PBXFileReference; fileEncoding = 4; lastKnownFileType = sourcecode.swift; path = ExploreTopicType.swift; sourceTree = "<group>"; };
		DBE647E966938E07D1A06939 /* AppAction.swift */ = {isa = PBXFileReference; fileEncoding = 4; lastKnownFileType = sourcecode.swift; path = AppAction.swift; sourceTree = "<group>"; };
		DBE64CC7B28244B5FB37BA1E /* Standard.swift */ = {isa = PBXFileReference; fileEncoding = 4; lastKnownFileType = sourcecode.swift; path = Standard.swift; sourceTree = "<group>"; };
/* End PBXFileReference section */

/* Begin PBXFrameworksBuildPhase section */
		70BC2D63274CB665008E2AF1 /* Frameworks */ = {
			isa = PBXFrameworksBuildPhase;
			buildActionMask = 2147483647;
			files = (
				7005F54B28DFFE0E003184A6 /* Kingfisher in Frameworks */,
				70D4C0D227FDAF080055E95C /* V2EXClient in Frameworks */,
			);
			runOnlyForDeploymentPostprocessing = 0;
		};
		70BC2D69274CB665008E2AF1 /* Frameworks */ = {
			isa = PBXFrameworksBuildPhase;
			buildActionMask = 2147483647;
			files = (
				7005F54E28DFFE22003184A6 /* Kingfisher in Frameworks */,
				70D4C0D427FDAF0F0055E95C /* V2EXClient in Frameworks */,
			);
			runOnlyForDeploymentPostprocessing = 0;
		};
/* End PBXFrameworksBuildPhase section */

/* Begin PBXGroup section */
		700071F828CB04890076A346 /* State */ = {
			isa = PBXGroup;
			children = (
				70196BB228CA2A7C0085FBEA /* NavigationSelectionState.swift */,
			);
			path = State;
			sourceTree = "<group>";
		};
		7005F54C28DFFE22003184A6 /* Frameworks */ = {
			isa = PBXGroup;
			children = (
			);
			name = Frameworks;
			sourceTree = "<group>";
		};
		70717B1727E5ED1F005C315A /* screenshot */ = {
			isa = PBXGroup;
			children = (
				70BB616828D4C92800B7C9C7 /* 4.png */,
				70BB616728D4C92200B7C9C7 /* 3.png */,
				703E221527EEFE48007B0865 /* 2.png */,
				70717B2027E5F0A8005C315A /* 1.png */,
			);
			path = screenshot;
			sourceTree = "<group>";
		};
		707A07792764A7AD0047EC33 /* iOS */ = {
			isa = PBXGroup;
			children = (
				70C2558728D4411600791602 /* View */,
			);
			path = iOS;
			sourceTree = "<group>";
		};
		70B1DEEE27D2467300DA4DF0 /* State */ = {
			isa = PBXGroup;
			children = (
				70B1DEF527D246AF00DA4DF0 /* UserState.swift */,
				7071FDB127E6B04D0064A48F /* AppState.swift */,
			);
			path = State;
			sourceTree = "<group>";
		};
		70BC2D59274CB664008E2AF1 = {
			isa = PBXGroup;
			children = (
				70D4C0D027FDAEDA0055E95C /* V2EXClient */,
				703A464028C0549C00A87598 /* Localizable.strings */,
				703E221627EEFE5C007B0865 /* LICENSE */,
				703E221727EEFE5C007B0865 /* README.md */,
				70717B1727E5ED1F005C315A /* screenshot */,
				70946E0F279CEC7500BEFC94 /* .gitignore */,
				70BC2D5E274CB664008E2AF1 /* Shared */,
				707A07792764A7AD0047EC33 /* iOS */,
				70BC2D6D274CB665008E2AF1 /* macOS */,
				70BC2D67274CB665008E2AF1 /* Products */,
				7005F54C28DFFE22003184A6 /* Frameworks */,
			);
			sourceTree = "<group>";
		};
		70BC2D5E274CB664008E2AF1 /* Shared */ = {
			isa = PBXGroup;
			children = (
				70CB7A0927E714DD009783FF /* View */,
				70B1DEEE27D2467300DA4DF0 /* State */,
				70CB7A0C27E71528009783FF /* Action */,
				70CB7A1927E71851009783FF /* Enum */,
				70BC2D5F274CB664008E2AF1 /* V2EXApp.swift */,
				DBE64CC7B28244B5FB37BA1E /* Standard.swift */,
				70BC2D61274CB665008E2AF1 /* Assets.xcassets */,
				70CB7A0627E7121A009783FF /* Data */,
				DBE6426B77A9BD71D198622C /* AppContext.swift */,
			);
			path = Shared;
			sourceTree = "<group>";
		};
		70BC2D67274CB665008E2AF1 /* Products */ = {
			isa = PBXGroup;
			children = (
				70BC2D66274CB665008E2AF1 /* V2 Explore.app */,
				70BC2D6C274CB665008E2AF1 /* V2 Explore.app */,
			);
			name = Products;
			sourceTree = "<group>";
		};
		70BC2D6D274CB665008E2AF1 /* macOS */ = {
			isa = PBXGroup;
			children = (
				70C2558828D4418000791602 /* View */,
				700071F828CB04890076A346 /* State */,
				70BC2D6E274CB665008E2AF1 /* macOS.entitlements */,
			);
			path = macOS;
			sourceTree = "<group>";
		};
		70C2558728D4411600791602 /* View */ = {
			isa = PBXGroup;
			children = (
				70BC2D60274CB664008E2AF1 /* MainView.swift */,
				70C669AF27607F3300D3AF2B /* GlanceView.swift */,
				70C669B32760980800D3AF2B /* TopicView.swift */,
			);
			path = View;
			sourceTree = "<group>";
		};
		70C2558828D4418000791602 /* View */ = {
			isa = PBXGroup;
			children = (
				70DA186228C1E50000F24275 /* MainView.swift */,
				70B8C58E28C9DDB900F80A44 /* SidebarView.swift */,
				70234E4428CA1DAB00271982 /* ContentView.swift */,
				70C2558928D442C200791602 /* TopicView.swift */,
			);
			path = View;
			sourceTree = "<group>";
		};
		70CB7A0927E714DD009783FF /* View */ = {
			isa = PBXGroup;
			children = (
				70BC2D80274CBFC5008E2AF1 /* ExploreView.swift */,
				707A07892764B0DA0047EC33 /* GlanceTopicsView.swift */,
				708771E027A52B8400068A66 /* NodeView.swift */,
				70616D2B2764D7DA0007AD6E /* ProfileView.swift */,
				70BC2D7D274CBC2A008E2AF1 /* SimpleTopicView.swift */,
				70AAAFFF27633429000D3A98 /* ReplyView.swift */,
				707A077A2764A7EA0047EC33 /* WebView.swift */,
				7086C91928CB7B1C006EE04C /* SimpleTopicNavigationLinkView.swift */,
			);
			path = View;
			sourceTree = "<group>";
		};
		70CB7A0C27E71528009783FF /* Action */ = {
			isa = PBXGroup;
			children = (
				DBE647E966938E07D1A06939 /* AppAction.swift */,
			);
			path = Action;
			sourceTree = "<group>";
		};
		70CB7A1927E71851009783FF /* Enum */ = {
			isa = PBXGroup;
			children = (
				DBE6467C5A95A3F925DC1C7E /* ExploreTopicType.swift */,
				70B5CCA928BDFF3D003F9CF1 /* GlanceType.swift */,
			);
			path = Enum;
			sourceTree = "<group>";
		};
/* End PBXGroup section */

/* Begin PBXNativeTarget section */
		70BC2D65274CB665008E2AF1 /* V2 Explore (iOS) */ = {
			isa = PBXNativeTarget;
			buildConfigurationList = 70BC2D77274CB665008E2AF1 /* Build configuration list for PBXNativeTarget "V2 Explore (iOS)" */;
			buildPhases = (
				70BC2D62274CB665008E2AF1 /* Sources */,
				70BC2D63274CB665008E2AF1 /* Frameworks */,
				70BC2D64274CB665008E2AF1 /* Resources */,
			);
			buildRules = (
			);
			dependencies = (
			);
			name = "V2 Explore (iOS)";
			packageProductDependencies = (
				70D4C0D127FDAF080055E95C /* V2EXClient */,
				7005F54A28DFFE0E003184A6 /* Kingfisher */,
			);
			productName = "V2EX You (iOS)";
			productReference = 70BC2D66274CB665008E2AF1 /* V2 Explore.app */;
			productType = "com.apple.product-type.application";
		};
		70BC2D6B274CB665008E2AF1 /* V2 Explore (macOS) */ = {
			isa = PBXNativeTarget;
			buildConfigurationList = 70BC2D7A274CB665008E2AF1 /* Build configuration list for PBXNativeTarget "V2 Explore (macOS)" */;
			buildPhases = (
				70BC2D68274CB665008E2AF1 /* Sources */,
				70BC2D69274CB665008E2AF1 /* Frameworks */,
				70BC2D6A274CB665008E2AF1 /* Resources */,
			);
			buildRules = (
			);
			dependencies = (
			);
			name = "V2 Explore (macOS)";
			packageProductDependencies = (
				70D4C0D327FDAF0F0055E95C /* V2EXClient */,
				7005F54D28DFFE22003184A6 /* Kingfisher */,
			);
			productName = "V2EX You (macOS)";
			productReference = 70BC2D6C274CB665008E2AF1 /* V2 Explore.app */;
			productType = "com.apple.product-type.application";
		};
/* End PBXNativeTarget section */

/* Begin PBXProject section */
		70BC2D5A274CB664008E2AF1 /* Project object */ = {
			isa = PBXProject;
			attributes = {
				BuildIndependentTargetsInParallel = 1;
				LastSwiftUpdateCheck = 1310;
				LastUpgradeCheck = 1310;
				TargetAttributes = {
					70BC2D65274CB665008E2AF1 = {
						CreatedOnToolsVersion = 13.1;
					};
					70BC2D6B274CB665008E2AF1 = {
						CreatedOnToolsVersion = 13.1;
					};
				};
			};
			buildConfigurationList = 70BC2D5D274CB664008E2AF1 /* Build configuration list for PBXProject "V2 Explore" */;
			compatibilityVersion = "Xcode 13.0";
			developmentRegion = en;
			hasScannedForEncodings = 0;
			knownRegions = (
				en,
				Base,
				"zh-Hans",
			);
			mainGroup = 70BC2D59274CB664008E2AF1;
			packageReferences = (
				7005F54928DFFE0E003184A6 /* XCRemoteSwiftPackageReference "Kingfisher" */,
			);
			productRefGroup = 70BC2D67274CB665008E2AF1 /* Products */;
			projectDirPath = "";
			projectRoot = "";
			targets = (
				70BC2D65274CB665008E2AF1 /* V2 Explore (iOS) */,
				70BC2D6B274CB665008E2AF1 /* V2 Explore (macOS) */,
			);
		};
/* End PBXProject section */

/* Begin PBXResourcesBuildPhase section */
		70BC2D64274CB665008E2AF1 /* Resources */ = {
			isa = PBXResourcesBuildPhase;
			buildActionMask = 2147483647;
			files = (
				70CB7A0727E7121A009783FF /* Data in Resources */,
				703A463D28C0549C00A87598 /* Localizable.strings in Resources */,
			);
			runOnlyForDeploymentPostprocessing = 0;
		};
		70BC2D6A274CB665008E2AF1 /* Resources */ = {
			isa = PBXResourcesBuildPhase;
			buildActionMask = 2147483647;
			files = (
				70CB7A0827E7121A009783FF /* Data in Resources */,
				706ED76728DEA29C00D8CB2E /* Assets.xcassets in Resources */,
				703A463E28C0549C00A87598 /* Localizable.strings in Resources */,
			);
			runOnlyForDeploymentPostprocessing = 0;
		};
/* End PBXResourcesBuildPhase section */

/* Begin PBXSourcesBuildPhase section */
		70BC2D62274CB665008E2AF1 /* Sources */ = {
			isa = PBXSourcesBuildPhase;
			buildActionMask = 2147483647;
			files = (
				7071FDB227E6B04D0064A48F /* AppState.swift in Sources */,
				70C2558F28D447E800791602 /* SimpleTopicNavigationLinkView.swift in Sources */,
				70BC2D7E274CBC2A008E2AF1 /* SimpleTopicView.swift in Sources */,
				70AAB00027633429000D3A98 /* ReplyView.swift in Sources */,
				70616D2C2764D7DA0007AD6E /* ProfileView.swift in Sources */,
				70C2559028D44E8C00791602 /* ExploreView.swift in Sources */,
				70C2559128D4511F00791602 /* NodeView.swift in Sources */,
				70C2559228D453FF00791602 /* GlanceTopicsView.swift in Sources */,
				70BC2D71274CB665008E2AF1 /* MainView.swift in Sources */,
				70B5CCAA28BDFF3D003F9CF1 /* GlanceType.swift in Sources */,
				70C669B027607F3300D3AF2B /* GlanceView.swift in Sources */,
				70C669B42760980800D3AF2B /* TopicView.swift in Sources */,
				70B1DEF627D246AF00DA4DF0 /* UserState.swift in Sources */,
				70BC2D6F274CB665008E2AF1 /* V2EXApp.swift in Sources */,
				707A077B2764A7EA0047EC33 /* WebView.swift in Sources */,
				DBE640CD0CA9B0BCACDA65B5 /* Standard.swift in Sources */,
				DBE6498A397356FCB62B8DB4 /* ExploreTopicType.swift in Sources */,
				DBE649818E009B258812B8EC /* AppAction.swift in Sources */,
				DBE64D8222F9CD2EE4307965 /* AppContext.swift in Sources */,
			);
			runOnlyForDeploymentPostprocessing = 0;
		};
		70BC2D68274CB665008E2AF1 /* Sources */ = {
			isa = PBXSourcesBuildPhase;
			buildActionMask = 2147483647;
			files = (
				70CB7A0F27E71535009783FF /* ExploreView.swift in Sources */,
				70CB7A1127E71535009783FF /* ReplyView.swift in Sources */,
				7071FDB327E6B04D0064A48F /* AppState.swift in Sources */,
				70B1DEF727D246AF00DA4DF0 /* UserState.swift in Sources */,
				70BC2D70274CB665008E2AF1 /* V2EXApp.swift in Sources */,
				70CB7A1027E71535009783FF /* WebView.swift in Sources */,
				70CB7A0A27E71500009783FF /* NodeView.swift in Sources */,
				70B8C58F28C9DDB900F80A44 /* SidebarView.swift in Sources */,
				70DA186328C1E50000F24275 /* MainView.swift in Sources */,
				70CB7A1227E71535009783FF /* GlanceTopicsView.swift in Sources */,
				7086C91A28CB7B1C006EE04C /* SimpleTopicNavigationLinkView.swift in Sources */,
				70234E4528CA1DAB00271982 /* ContentView.swift in Sources */,
				70CB7A1727E71535009783FF /* SimpleTopicView.swift in Sources */,
				70CB7A1627E71535009783FF /* ProfileView.swift in Sources */,
				DBE6492363F0AC4D310D1CEA /* ExploreTopicType.swift in Sources */,
				DBE6435D825309705AFE1537 /* AppAction.swift in Sources */,
				70B5CCAB28BDFF3D003F9CF1 /* GlanceType.swift in Sources */,
				70196BB328CA2A7C0085FBEA /* NavigationSelectionState.swift in Sources */,
				70C2558A28D442C200791602 /* TopicView.swift in Sources */,
				70DA186428C1E5CB00F24275 /* Standard.swift in Sources */,
				DBE64CE3D9E60249D9E3A234 /* AppContext.swift in Sources */,
			);
			runOnlyForDeploymentPostprocessing = 0;
		};
/* End PBXSourcesBuildPhase section */

/* Begin PBXVariantGroup section */
		703A464028C0549C00A87598 /* Localizable.strings */ = {
			isa = PBXVariantGroup;
			children = (
				703A463F28C0549C00A87598 /* en */,
				703A464128C054A200A87598 /* zh-Hans */,
			);
			name = Localizable.strings;
			sourceTree = "<group>";
		};
/* End PBXVariantGroup section */

/* Begin XCBuildConfiguration section */
		70BC2D75274CB665008E2AF1 /* Debug */ = {
			isa = XCBuildConfiguration;
			buildSettings = {
				ALWAYS_SEARCH_USER_PATHS = NO;
				CLANG_ANALYZER_NONNULL = YES;
				CLANG_ANALYZER_NUMBER_OBJECT_CONVERSION = YES_AGGRESSIVE;
				CLANG_CXX_LANGUAGE_STANDARD = "gnu++17";
				CLANG_CXX_LIBRARY = "libc++";
				CLANG_ENABLE_MODULES = YES;
				CLANG_ENABLE_OBJC_ARC = YES;
				CLANG_ENABLE_OBJC_WEAK = YES;
				CLANG_WARN_BLOCK_CAPTURE_AUTORELEASING = YES;
				CLANG_WARN_BOOL_CONVERSION = YES;
				CLANG_WARN_COMMA = YES;
				CLANG_WARN_CONSTANT_CONVERSION = YES;
				CLANG_WARN_DEPRECATED_OBJC_IMPLEMENTATIONS = YES;
				CLANG_WARN_DIRECT_OBJC_ISA_USAGE = YES_ERROR;
				CLANG_WARN_DOCUMENTATION_COMMENTS = YES;
				CLANG_WARN_EMPTY_BODY = YES;
				CLANG_WARN_ENUM_CONVERSION = YES;
				CLANG_WARN_INFINITE_RECURSION = YES;
				CLANG_WARN_INT_CONVERSION = YES;
				CLANG_WARN_NON_LITERAL_NULL_CONVERSION = YES;
				CLANG_WARN_OBJC_IMPLICIT_RETAIN_SELF = YES;
				CLANG_WARN_OBJC_LITERAL_CONVERSION = YES;
				CLANG_WARN_OBJC_ROOT_CLASS = YES_ERROR;
				CLANG_WARN_QUOTED_INCLUDE_IN_FRAMEWORK_HEADER = YES;
				CLANG_WARN_RANGE_LOOP_ANALYSIS = YES;
				CLANG_WARN_STRICT_PROTOTYPES = YES;
				CLANG_WARN_SUSPICIOUS_MOVE = YES;
				CLANG_WARN_UNGUARDED_AVAILABILITY = YES_AGGRESSIVE;
				CLANG_WARN_UNREACHABLE_CODE = YES;
				CLANG_WARN__DUPLICATE_METHOD_MATCH = YES;
				COPY_PHASE_STRIP = NO;
				DEBUG_INFORMATION_FORMAT = dwarf;
				ENABLE_STRICT_OBJC_MSGSEND = YES;
				ENABLE_TESTABILITY = YES;
				GCC_C_LANGUAGE_STANDARD = gnu11;
				GCC_DYNAMIC_NO_PIC = NO;
				GCC_NO_COMMON_BLOCKS = YES;
				GCC_OPTIMIZATION_LEVEL = 0;
				GCC_PREPROCESSOR_DEFINITIONS = (
					"DEBUG=1",
					"$(inherited)",
				);
				GCC_WARN_64_TO_32_BIT_CONVERSION = YES;
				GCC_WARN_ABOUT_RETURN_TYPE = YES_ERROR;
				GCC_WARN_UNDECLARED_SELECTOR = YES;
				GCC_WARN_UNINITIALIZED_AUTOS = YES_AGGRESSIVE;
				GCC_WARN_UNUSED_FUNCTION = YES;
				GCC_WARN_UNUSED_VARIABLE = YES;
				IPHONEOS_DEPLOYMENT_TARGET = 16.0;
				MACOSX_DEPLOYMENT_TARGET = 13.0;
				MTL_ENABLE_DEBUG_INFO = INCLUDE_SOURCE;
				MTL_FAST_MATH = YES;
				ONLY_ACTIVE_ARCH = YES;
				SWIFT_ACTIVE_COMPILATION_CONDITIONS = DEBUG;
				SWIFT_OPTIMIZATION_LEVEL = "-Onone";
			};
			name = Debug;
		};
		70BC2D76274CB665008E2AF1 /* Release */ = {
			isa = XCBuildConfiguration;
			buildSettings = {
				ALWAYS_SEARCH_USER_PATHS = NO;
				CLANG_ANALYZER_NONNULL = YES;
				CLANG_ANALYZER_NUMBER_OBJECT_CONVERSION = YES_AGGRESSIVE;
				CLANG_CXX_LANGUAGE_STANDARD = "gnu++17";
				CLANG_CXX_LIBRARY = "libc++";
				CLANG_ENABLE_MODULES = YES;
				CLANG_ENABLE_OBJC_ARC = YES;
				CLANG_ENABLE_OBJC_WEAK = YES;
				CLANG_WARN_BLOCK_CAPTURE_AUTORELEASING = YES;
				CLANG_WARN_BOOL_CONVERSION = YES;
				CLANG_WARN_COMMA = YES;
				CLANG_WARN_CONSTANT_CONVERSION = YES;
				CLANG_WARN_DEPRECATED_OBJC_IMPLEMENTATIONS = YES;
				CLANG_WARN_DIRECT_OBJC_ISA_USAGE = YES_ERROR;
				CLANG_WARN_DOCUMENTATION_COMMENTS = YES;
				CLANG_WARN_EMPTY_BODY = YES;
				CLANG_WARN_ENUM_CONVERSION = YES;
				CLANG_WARN_INFINITE_RECURSION = YES;
				CLANG_WARN_INT_CONVERSION = YES;
				CLANG_WARN_NON_LITERAL_NULL_CONVERSION = YES;
				CLANG_WARN_OBJC_IMPLICIT_RETAIN_SELF = YES;
				CLANG_WARN_OBJC_LITERAL_CONVERSION = YES;
				CLANG_WARN_OBJC_ROOT_CLASS = YES_ERROR;
				CLANG_WARN_QUOTED_INCLUDE_IN_FRAMEWORK_HEADER = YES;
				CLANG_WARN_RANGE_LOOP_ANALYSIS = YES;
				CLANG_WARN_STRICT_PROTOTYPES = YES;
				CLANG_WARN_SUSPICIOUS_MOVE = YES;
				CLANG_WARN_UNGUARDED_AVAILABILITY = YES_AGGRESSIVE;
				CLANG_WARN_UNREACHABLE_CODE = YES;
				CLANG_WARN__DUPLICATE_METHOD_MATCH = YES;
				COPY_PHASE_STRIP = NO;
				DEBUG_INFORMATION_FORMAT = "dwarf-with-dsym";
				ENABLE_NS_ASSERTIONS = NO;
				ENABLE_STRICT_OBJC_MSGSEND = YES;
				GCC_C_LANGUAGE_STANDARD = gnu11;
				GCC_NO_COMMON_BLOCKS = YES;
				GCC_WARN_64_TO_32_BIT_CONVERSION = YES;
				GCC_WARN_ABOUT_RETURN_TYPE = YES_ERROR;
				GCC_WARN_UNDECLARED_SELECTOR = YES;
				GCC_WARN_UNINITIALIZED_AUTOS = YES_AGGRESSIVE;
				GCC_WARN_UNUSED_FUNCTION = YES;
				GCC_WARN_UNUSED_VARIABLE = YES;
				IPHONEOS_DEPLOYMENT_TARGET = 16.0;
				MACOSX_DEPLOYMENT_TARGET = 13.0;
				MTL_ENABLE_DEBUG_INFO = NO;
				MTL_FAST_MATH = YES;
				SWIFT_COMPILATION_MODE = wholemodule;
				SWIFT_OPTIMIZATION_LEVEL = "-O";
			};
			name = Release;
		};
		70BC2D78274CB665008E2AF1 /* Debug */ = {
			isa = XCBuildConfiguration;
			buildSettings = {
				ASSETCATALOG_COMPILER_APPICON_NAME = AppIcon;
				ASSETCATALOG_COMPILER_GLOBAL_ACCENT_COLOR_NAME = AccentColor;
				CODE_SIGN_STYLE = Automatic;
				CURRENT_PROJECT_VERSION = 1;
				DEVELOPMENT_TEAM = 3Y4G3442RX;
				ENABLE_PREVIEWS = YES;
				GENERATE_INFOPLIST_FILE = YES;
				INFOPLIST_KEY_UIApplicationSceneManifest_Generation = YES;
				INFOPLIST_KEY_UIApplicationSupportsIndirectInputEvents = YES;
				INFOPLIST_KEY_UILaunchScreen_Generation = YES;
				INFOPLIST_KEY_UISupportedInterfaceOrientations_iPad = "UIInterfaceOrientationPortrait UIInterfaceOrientationPortraitUpsideDown UIInterfaceOrientationLandscapeLeft UIInterfaceOrientationLandscapeRight";
				INFOPLIST_KEY_UISupportedInterfaceOrientations_iPhone = "UIInterfaceOrientationPortrait UIInterfaceOrientationLandscapeLeft UIInterfaceOrientationLandscapeRight";
				IPHONEOS_DEPLOYMENT_TARGET = 16.0;
				LD_RUNPATH_SEARCH_PATHS = (
					"$(inherited)",
					"@executable_path/Frameworks",
				);
				MARKETING_VERSION = "1.1-SNAPSHOT";
				PRODUCT_BUNDLE_IDENTIFIER = pub.cellebi.v2ex;
				PRODUCT_NAME = "V2 Explore";
				SDKROOT = iphoneos;
				SUPPORTED_PLATFORMS = "iphoneos iphonesimulator";
				SUPPORTS_MACCATALYST = NO;
				SUPPORTS_MAC_DESIGNED_FOR_IPHONE_IPAD = NO;
				SWIFT_EMIT_LOC_STRINGS = YES;
				SWIFT_VERSION = 5.0;
				TARGETED_DEVICE_FAMILY = "1,2";
			};
			name = Debug;
		};
		70BC2D79274CB665008E2AF1 /* Release */ = {
			isa = XCBuildConfiguration;
			buildSettings = {
				ASSETCATALOG_COMPILER_APPICON_NAME = AppIcon;
				ASSETCATALOG_COMPILER_GLOBAL_ACCENT_COLOR_NAME = AccentColor;
				CODE_SIGN_STYLE = Automatic;
				CURRENT_PROJECT_VERSION = 1;
				DEVELOPMENT_TEAM = 3Y4G3442RX;
				ENABLE_PREVIEWS = YES;
				GENERATE_INFOPLIST_FILE = YES;
				INFOPLIST_KEY_UIApplicationSceneManifest_Generation = YES;
				INFOPLIST_KEY_UIApplicationSupportsIndirectInputEvents = YES;
				INFOPLIST_KEY_UILaunchScreen_Generation = YES;
				INFOPLIST_KEY_UISupportedInterfaceOrientations_iPad = "UIInterfaceOrientationPortrait UIInterfaceOrientationPortraitUpsideDown UIInterfaceOrientationLandscapeLeft UIInterfaceOrientationLandscapeRight";
				INFOPLIST_KEY_UISupportedInterfaceOrientations_iPhone = "UIInterfaceOrientationPortrait UIInterfaceOrientationLandscapeLeft UIInterfaceOrientationLandscapeRight";
				IPHONEOS_DEPLOYMENT_TARGET = 16.0;
				LD_RUNPATH_SEARCH_PATHS = (
					"$(inherited)",
					"@executable_path/Frameworks",
				);
				MARKETING_VERSION = "1.1-SNAPSHOT";
				PRODUCT_BUNDLE_IDENTIFIER = pub.cellebi.v2ex;
				PRODUCT_NAME = "V2 Explore";
				SDKROOT = iphoneos;
				SUPPORTED_PLATFORMS = "iphoneos iphonesimulator";
				SUPPORTS_MACCATALYST = NO;
				SUPPORTS_MAC_DESIGNED_FOR_IPHONE_IPAD = NO;
				SWIFT_EMIT_LOC_STRINGS = YES;
				SWIFT_VERSION = 5.0;
				TARGETED_DEVICE_FAMILY = "1,2";
				VALIDATE_PRODUCT = YES;
			};
			name = Release;
		};
		70BC2D7B274CB665008E2AF1 /* Debug */ = {
			isa = XCBuildConfiguration;
			buildSettings = {
				ASSETCATALOG_COMPILER_APPICON_NAME = AppIcon;
				ASSETCATALOG_COMPILER_GLOBAL_ACCENT_COLOR_NAME = AccentColor;
				CODE_SIGN_ENTITLEMENTS = macOS/macOS.entitlements;
				CODE_SIGN_STYLE = Automatic;
				COMBINE_HIDPI_IMAGES = YES;
				CURRENT_PROJECT_VERSION = 1;
				DEVELOPMENT_TEAM = 3Y4G3442RX;
				ENABLE_HARDENED_RUNTIME = YES;
				ENABLE_PREVIEWS = YES;
				GENERATE_INFOPLIST_FILE = YES;
				INFOPLIST_KEY_LSApplicationCategoryType = "public.app-category.entertainment";
				INFOPLIST_KEY_NSHumanReadableCopyright = "";
				LD_RUNPATH_SEARCH_PATHS = (
					"$(inherited)",
					"@executable_path/../Frameworks",
				);
				MACOSX_DEPLOYMENT_TARGET = 13.0;
				MARKETING_VERSION = "1.1-SNAPSHOT";
				PRODUCT_BUNDLE_IDENTIFIER = pub.cellebi.v2ex;
				PRODUCT_NAME = "V2 Explore";
				SDKROOT = macosx;
				SWIFT_EMIT_LOC_STRINGS = YES;
				SWIFT_VERSION = 5.0;
			};
			name = Debug;
		};
		70BC2D7C274CB665008E2AF1 /* Release */ = {
			isa = XCBuildConfiguration;
			buildSettings = {
				ASSETCATALOG_COMPILER_APPICON_NAME = AppIcon;
				ASSETCATALOG_COMPILER_GLOBAL_ACCENT_COLOR_NAME = AccentColor;
				CODE_SIGN_ENTITLEMENTS = macOS/macOS.entitlements;
				CODE_SIGN_STYLE = Automatic;
				COMBINE_HIDPI_IMAGES = YES;
				CURRENT_PROJECT_VERSION = 1;
				DEVELOPMENT_TEAM = 3Y4G3442RX;
				ENABLE_HARDENED_RUNTIME = YES;
				ENABLE_PREVIEWS = YES;
				GENERATE_INFOPLIST_FILE = YES;
				INFOPLIST_KEY_LSApplicationCategoryType = "public.app-category.entertainment";
				INFOPLIST_KEY_NSHumanReadableCopyright = "";
				LD_RUNPATH_SEARCH_PATHS = (
					"$(inherited)",
					"@executable_path/../Frameworks",
				);
				MACOSX_DEPLOYMENT_TARGET = 13.0;
				MARKETING_VERSION = "1.1-SNAPSHOT";
				PRODUCT_BUNDLE_IDENTIFIER = pub.cellebi.v2ex;
				PRODUCT_NAME = "V2 Explore";
				SDKROOT = macosx;
				SWIFT_EMIT_LOC_STRINGS = YES;
				SWIFT_VERSION = 5.0;
			};
			name = Release;
		};
/* End XCBuildConfiguration section */

/* Begin XCConfigurationList section */
		70BC2D5D274CB664008E2AF1 /* Build configuration list for PBXProject "V2 Explore" */ = {
			isa = XCConfigurationList;
			buildConfigurations = (
				70BC2D75274CB665008E2AF1 /* Debug */,
				70BC2D76274CB665008E2AF1 /* Release */,
			);
			defaultConfigurationIsVisible = 0;
			defaultConfigurationName = Release;
		};
		70BC2D77274CB665008E2AF1 /* Build configuration list for PBXNativeTarget "V2 Explore (iOS)" */ = {
			isa = XCConfigurationList;
			buildConfigurations = (
				70BC2D78274CB665008E2AF1 /* Debug */,
				70BC2D79274CB665008E2AF1 /* Release */,
			);
			defaultConfigurationIsVisible = 0;
			defaultConfigurationName = Release;
		};
		70BC2D7A274CB665008E2AF1 /* Build configuration list for PBXNativeTarget "V2 Explore (macOS)" */ = {
			isa = XCConfigurationList;
			buildConfigurations = (
				70BC2D7B274CB665008E2AF1 /* Debug */,
				70BC2D7C274CB665008E2AF1 /* Release */,
			);
			defaultConfigurationIsVisible = 0;
			defaultConfigurationName = Release;
		};
/* End XCConfigurationList section */

/* Begin XCRemoteSwiftPackageReference section */
		7005F54928DFFE0E003184A6 /* XCRemoteSwiftPackageReference "Kingfisher" */ = {
			isa = XCRemoteSwiftPackageReference;
			repositoryURL = "https://github.com/onevcat/Kingfisher.git";
			requirement = {
				kind = exactVersion;
				version = 7.3.2;
			};
		};
/* End XCRemoteSwiftPackageReference section */

/* Begin XCSwiftPackageProductDependency section */
		7005F54A28DFFE0E003184A6 /* Kingfisher */ = {
			isa = XCSwiftPackageProductDependency;
			package = 7005F54928DFFE0E003184A6 /* XCRemoteSwiftPackageReference "Kingfisher" */;
			productName = Kingfisher;
		};
		7005F54D28DFFE22003184A6 /* Kingfisher */ = {
			isa = XCSwiftPackageProductDependency;
			package = 7005F54928DFFE0E003184A6 /* XCRemoteSwiftPackageReference "Kingfisher" */;
			productName = Kingfisher;
		};
		70D4C0D127FDAF080055E95C /* V2EXClient */ = {
			isa = XCSwiftPackageProductDependency;
			productName = V2EXClient;
		};
		70D4C0D327FDAF0F0055E95C /* V2EXClient */ = {
			isa = XCSwiftPackageProductDependency;
			productName = V2EXClient;
		};
/* End XCSwiftPackageProductDependency section */
	};
	rootObject = 70BC2D5A274CB664008E2AF1 /* Project object */;
}
