{
  "pins" : [
    {
      "identity" : "swiftsoup",
      "kind" : "remoteSourceControl",
      "location" : "https://gitee.com/MakHoCheung/SwiftSoup.git",
      "state" : {
        "revision" : "13ba661fd1146967270fca92ce8195b223631436",
        "version" : "2.3.8"
      }
    },
    {
      "identity" : "swiftyjson",
      "kind" : "remoteSourceControl",
      "location" : "https://gitee.com/MakHoCheung/SwiftyJSON.git",
      "state" : {
        "revision" : "2b6054efa051565954e1d2b9da831680026cd768",
        "version" : "4.3.0"
      }
    }
  ],
  "version" : 2
}
